// !$*UTF8*$!
{
	archiveVersion = 1;
	classes = {
	};
	objectVersion = 46;
	objects = {

/* Begin PBXBuildFile section */
		732251181475797D009DC406 /* tab_icon_2.png in Resources */ = {isa = PBXBuildFile; fileRef = 732251171475797D009DC406 /* tab_icon_2.png */; };
		73225129147583A6009DC406 /* tab_icon_3.png in Resources */ = {isa = PBXBuildFile; fileRef = 73225128147583A6009DC406 /* tab_icon_3.png */; };
		7322512C1475D050009DC406 /* MyUITableViewCell.m in Sources */ = {isa = PBXBuildFile; fileRef = 7322512B1475D050009DC406 /* MyUITableViewCell.m */; };
		7322512F1475D0AF009DC406 /* VOSearch.m in Sources */ = {isa = PBXBuildFile; fileRef = 7322512E1475D0AF009DC406 /* VOSearch.m */; };
		733B741A146C428400D32174 /* Twitter.framework in Frameworks */ = {isa = PBXBuildFile; fileRef = 733B7419146C428400D32174 /* Twitter.framework */; };
		734E4E7714756131003C812A /* Icon@2x.png in Resources */ = {isa = PBXBuildFile; fileRef = 734E4E7614756131003C812A /* Icon@2x.png */; };
		734E4E7914756133003C812A /* Icon.png in Resources */ = {isa = PBXBuildFile; fileRef = 734E4E7814756133003C812A /* Icon.png */; };
		73794427147AA50D0005BB63 /* MainWindow.xib in Resources */ = {isa = PBXBuildFile; fileRef = 73794426147AA50D0005BB63 /* MainWindow.xib */; };
		73888BD114756009006B0509 /* Default@2x.png in Resources */ = {isa = PBXBuildFile; fileRef = 73888BD014756009006B0509 /* Default@2x.png */; };
		73888BD414756076006B0509 /* Default.png in Resources */ = {isa = PBXBuildFile; fileRef = 73888BD314756076006B0509 /* Default.png */; };
		738F5B51146853390093B857 /* WSGoogleImagesAPI.m in Sources */ = {isa = PBXBuildFile; fileRef = 738F5B50146853390093B857 /* WSGoogleImagesAPI.m */; };
		73910E10146997B500A7E595 /* DoingTheJSON.m in Sources */ = {isa = PBXBuildFile; fileRef = 73910E0F146997B500A7E595 /* DoingTheJSON.m */; };
		7394149C147537CB0023C9C4 /* SystemConfiguration.framework in Frameworks */ = {isa = PBXBuildFile; fileRef = 7394149B147537CB0023C9C4 /* SystemConfiguration.framework */; };
		7394149E147537D60023C9C4 /* Security.framework in Frameworks */ = {isa = PBXBuildFile; fileRef = 7394149D147537D60023C9C4 /* Security.framework */; };
		739414A0147537DD0023C9C4 /* MessageUI.framework in Frameworks */ = {isa = PBXBuildFile; fileRef = 7394149F147537DD0023C9C4 /* MessageUI.framework */; };
		73D7209C1475640F008EE696 /* tab_icon.png in Resources */ = {isa = PBXBuildFile; fileRef = 73D7209B1475640F008EE696 /* tab_icon.png */; };
		73DB1904147422EE00AF803D /* CoreGraphics.framework in Frameworks */ = {isa = PBXBuildFile; fileRef = 73DB1903147422EE00AF803D /* CoreGraphics.framework */; };
		E56D951D145DEB3B00A5B1B4 /* iAd.framework in Frameworks */ = {isa = PBXBuildFile; fileRef = E56D951C145DEB3A00A5B1B4 /* iAd.framework */; };
		E59E0176147860EA00C97E7F /* VOSearchFavorite.m in Sources */ = {isa = PBXBuildFile; fileRef = E59E0175147860EA00C97E7F /* VOSearchFavorite.m */; };
		E59E019914793AEA00C97E7F /* Facebook.m in Sources */ = {isa = PBXBuildFile; fileRef = E59E018214793AEA00C97E7F /* Facebook.m */; settings = {COMPILER_FLAGS = "-fno-objc-arc"; }; };
		E59E019A14793AEA00C97E7F /* FBDialog.bundle in Resources */ = {isa = PBXBuildFile; fileRef = E59E018414793AEA00C97E7F /* FBDialog.bundle */; };
		E59E019B14793AEA00C97E7F /* FBDialog.m in Sources */ = {isa = PBXBuildFile; fileRef = E59E018614793AEA00C97E7F /* FBDialog.m */; settings = {COMPILER_FLAGS = "-fno-objc-arc"; }; };
		E59E019C14793AEA00C97E7F /* FBLoginDialog.m in Sources */ = {isa = PBXBuildFile; fileRef = E59E018814793AEA00C97E7F /* FBLoginDialog.m */; settings = {COMPILER_FLAGS = "-fno-objc-arc"; }; };
		E59E019D14793AEA00C97E7F /* FBRequest.m in Sources */ = {isa = PBXBuildFile; fileRef = E59E018A14793AEA00C97E7F /* FBRequest.m */; settings = {COMPILER_FLAGS = "-fno-objc-arc"; }; };
		E59E019E14793AEA00C97E7F /* NSObject+SBJSON.m in Sources */ = {isa = PBXBuildFile; fileRef = E59E018E14793AEA00C97E7F /* NSObject+SBJSON.m */; settings = {COMPILER_FLAGS = "-fno-objc-arc"; }; };
		E59E019F14793AEA00C97E7F /* NSString+SBJSON.m in Sources */ = {isa = PBXBuildFile; fileRef = E59E019014793AEA00C97E7F /* NSString+SBJSON.m */; settings = {COMPILER_FLAGS = "-fno-objc-arc"; }; };
		E59E01A014793AEA00C97E7F /* SBJSON.m in Sources */ = {isa = PBXBuildFile; fileRef = E59E019214793AEA00C97E7F /* SBJSON.m */; settings = {COMPILER_FLAGS = "-fno-objc-arc"; }; };
		E59E01A114793AEA00C97E7F /* SBJsonBase.m in Sources */ = {isa = PBXBuildFile; fileRef = E59E019414793AEA00C97E7F /* SBJsonBase.m */; settings = {COMPILER_FLAGS = "-fno-objc-arc"; }; };
		E59E01A214793AEA00C97E7F /* SBJsonParser.m in Sources */ = {isa = PBXBuildFile; fileRef = E59E019614793AEA00C97E7F /* SBJsonParser.m */; settings = {COMPILER_FLAGS = "-fno-objc-arc"; }; };
		E59E01A314793AEA00C97E7F /* SBJsonWriter.m in Sources */ = {isa = PBXBuildFile; fileRef = E59E019814793AEA00C97E7F /* SBJsonWriter.m */; settings = {COMPILER_FLAGS = "-fno-objc-arc"; }; };
		E5A84DF11470486100CFD300 /* libsqlite3.dylib in Frameworks */ = {isa = PBXBuildFile; fileRef = E5A84DF01470486100CFD300 /* libsqlite3.dylib */; };
		E5D4DEBF14465B94002DB8FD /* UIKit.framework in Frameworks */ = {isa = PBXBuildFile; fileRef = E5D4DEBE14465B94002DB8FD /* UIKit.framework */; };
		E5D4DEC114465B94002DB8FD /* Foundation.framework in Frameworks */ = {isa = PBXBuildFile; fileRef = E5D4DEC014465B94002DB8FD /* Foundation.framework */; };
		E5D4DEC914465B94002DB8FD /* InfoPlist.strings in Resources */ = {isa = PBXBuildFile; fileRef = E5D4DEC714465B94002DB8FD /* InfoPlist.strings */; };
		E5D4DECB14465B94002DB8FD /* main.m in Sources */ = {isa = PBXBuildFile; fileRef = E5D4DECA14465B94002DB8FD /* main.m */; };
		E5D4DECF14465B94002DB8FD /* AppDelegate.m in Sources */ = {isa = PBXBuildFile; fileRef = E5D4DECE14465B94002DB8FD /* AppDelegate.m */; };
		E5D4DED714465B94002DB8FD /* SenTestingKit.framework in Frameworks */ = {isa = PBXBuildFile; fileRef = E5D4DED614465B94002DB8FD /* SenTestingKit.framework */; };
		E5D4DED814465B94002DB8FD /* UIKit.framework in Frameworks */ = {isa = PBXBuildFile; fileRef = E5D4DEBE14465B94002DB8FD /* UIKit.framework */; };
		E5D4DED914465B94002DB8FD /* Foundation.framework in Frameworks */ = {isa = PBXBuildFile; fileRef = E5D4DEC014465B94002DB8FD /* Foundation.framework */; };
		E5D4DEE114465B94002DB8FD /* InfoPlist.strings in Resources */ = {isa = PBXBuildFile; fileRef = E5D4DEDF14465B94002DB8FD /* InfoPlist.strings */; };
		E5D4DEE414465B94002DB8FD /* TestTests.m in Sources */ = {isa = PBXBuildFile; fileRef = E5D4DEE314465B94002DB8FD /* TestTests.m */; };
		E5D4DEF71446664D002DB8FD /* FirstTabViewController.m in Sources */ = {isa = PBXBuildFile; fileRef = E5D4DEF51446664D002DB8FD /* FirstTabViewController.m */; };
		E5D4DEF81446664D002DB8FD /* FirstTabViewController.xib in Resources */ = {isa = PBXBuildFile; fileRef = E5D4DEF61446664D002DB8FD /* FirstTabViewController.xib */; };
		E5D4DEFC14466768002DB8FD /* SecondTabViewController.m in Sources */ = {isa = PBXBuildFile; fileRef = E5D4DEFA14466768002DB8FD /* SecondTabViewController.m */; };
		E5D4DEFD14466768002DB8FD /* SecondTabViewController.xib in Resources */ = {isa = PBXBuildFile; fileRef = E5D4DEFB14466768002DB8FD /* SecondTabViewController.xib */; };
		E5D4DF0114466784002DB8FD /* ThirdTabViewController.m in Sources */ = {isa = PBXBuildFile; fileRef = E5D4DEFF14466783002DB8FD /* ThirdTabViewController.m */; };
		E5D4DF0214466784002DB8FD /* ThirdTabViewController.xib in Resources */ = {isa = PBXBuildFile; fileRef = E5D4DF0014466783002DB8FD /* ThirdTabViewController.xib */; };
		E5F8E58614703870000BD4BD /* DatabaseAPI.m in Sources */ = {isa = PBXBuildFile; fileRef = E5F8E58514703870000BD4BD /* DatabaseAPI.m */; };
/* End PBXBuildFile section */

/* Begin PBXContainerItemProxy section */
		E5D4DEDA14465B94002DB8FD /* PBXContainerItemProxy */ = {
			isa = PBXContainerItemProxy;
			containerPortal = E5D4DEB114465B94002DB8FD /* Project object */;
			proxyType = 1;
			remoteGlobalIDString = E5D4DEB914465B94002DB8FD;
			remoteInfo = Test;
		};
/* End PBXContainerItemProxy section */

/* Begin PBXFileReference section */
		732251171475797D009DC406 /* tab_icon_2.png */ = {isa = PBXFileReference; lastKnownFileType = image.png; path = tab_icon_2.png; sourceTree = "<group>"; };
		73225128147583A6009DC406 /* tab_icon_3.png */ = {isa = PBXFileReference; lastKnownFileType = image.png; path = tab_icon_3.png; sourceTree = "<group>"; };
		7322512A1475D050009DC406 /* MyUITableViewCell.h */ = {isa = PBXFileReference; fileEncoding = 4; lastKnownFileType = sourcecode.c.h; path = MyUITableViewCell.h; sourceTree = "<group>"; };
		7322512B1475D050009DC406 /* MyUITableViewCell.m */ = {isa = PBXFileReference; fileEncoding = 4; lastKnownFileType = sourcecode.c.objc; path = MyUITableViewCell.m; sourceTree = "<group>"; };
		7322512D1475D0AF009DC406 /* VOSearch.h */ = {isa = PBXFileReference; fileEncoding = 4; lastKnownFileType = sourcecode.c.h; path = VOSearch.h; sourceTree = "<group>"; };
		7322512E1475D0AF009DC406 /* VOSearch.m */ = {isa = PBXFileReference; fileEncoding = 4; lastKnownFileType = sourcecode.c.objc; path = VOSearch.m; sourceTree = "<group>"; };
		733B7419146C428400D32174 /* Twitter.framework */ = {isa = PBXFileReference; lastKnownFileType = wrapper.framework; name = Twitter.framework; path = System/Library/Frameworks/Twitter.framework; sourceTree = SDKROOT; };
		734E4E7614756131003C812A /* Icon@2x.png */ = {isa = PBXFileReference; lastKnownFileType = image.png; path = "Icon@2x.png"; sourceTree = "<group>"; };
		734E4E7814756133003C812A /* Icon.png */ = {isa = PBXFileReference; lastKnownFileType = image.png; path = Icon.png; sourceTree = "<group>"; };
		73794426147AA50D0005BB63 /* MainWindow.xib */ = {isa = PBXFileReference; fileEncoding = 4; lastKnownFileType = file.xib; name = MainWindow.xib; path = ../MainWindow.xib; sourceTree = "<group>"; };
		73888BD014756009006B0509 /* Default@2x.png */ = {isa = PBXFileReference; lastKnownFileType = image.png; path = "Default@2x.png"; sourceTree = "<group>"; };
		73888BD314756076006B0509 /* Default.png */ = {isa = PBXFileReference; lastKnownFileType = image.png; path = Default.png; sourceTree = "<group>"; };
		738F5B4F146853390093B857 /* WSGoogleImagesAPI.h */ = {isa = PBXFileReference; fileEncoding = 4; lastKnownFileType = sourcecode.c.h; path = WSGoogleImagesAPI.h; sourceTree = "<group>"; };
		738F5B50146853390093B857 /* WSGoogleImagesAPI.m */ = {isa = PBXFileReference; fileEncoding = 4; lastKnownFileType = sourcecode.c.objc; path = WSGoogleImagesAPI.m; sourceTree = "<group>"; };
		73910E0E146997B400A7E595 /* DoingTheJSON.h */ = {isa = PBXFileReference; fileEncoding = 4; lastKnownFileType = sourcecode.c.h; path = DoingTheJSON.h; sourceTree = "<group>"; };
		73910E0F146997B500A7E595 /* DoingTheJSON.m */ = {isa = PBXFileReference; fileEncoding = 4; lastKnownFileType = sourcecode.c.objc; path = DoingTheJSON.m; sourceTree = "<group>"; };
		7394149B147537CB0023C9C4 /* SystemConfiguration.framework */ = {isa = PBXFileReference; lastKnownFileType = wrapper.framework; name = SystemConfiguration.framework; path = System/Library/Frameworks/SystemConfiguration.framework; sourceTree = SDKROOT; };
		7394149D147537D60023C9C4 /* Security.framework */ = {isa = PBXFileReference; lastKnownFileType = wrapper.framework; name = Security.framework; path = System/Library/Frameworks/Security.framework; sourceTree = SDKROOT; };
		7394149F147537DD0023C9C4 /* MessageUI.framework */ = {isa = PBXFileReference; lastKnownFileType = wrapper.framework; name = MessageUI.framework; path = System/Library/Frameworks/MessageUI.framework; sourceTree = SDKROOT; };
		73D7209B1475640F008EE696 /* tab_icon.png */ = {isa = PBXFileReference; lastKnownFileType = image.png; path = tab_icon.png; sourceTree = "<group>"; };
		73DB1903147422EE00AF803D /* CoreGraphics.framework */ = {isa = PBXFileReference; lastKnownFileType = wrapper.framework; name = CoreGraphics.framework; path = System/Library/Frameworks/CoreGraphics.framework; sourceTree = SDKROOT; };
		E56D951C145DEB3A00A5B1B4 /* iAd.framework */ = {isa = PBXFileReference; lastKnownFileType = wrapper.framework; name = iAd.framework; path = System/Library/Frameworks/iAd.framework; sourceTree = SDKROOT; };
		E59E0174147860EA00C97E7F /* VOSearchFavorite.h */ = {isa = PBXFileReference; fileEncoding = 4; lastKnownFileType = sourcecode.c.h; path = VOSearchFavorite.h; sourceTree = "<group>"; };
		E59E0175147860EA00C97E7F /* VOSearchFavorite.m */ = {isa = PBXFileReference; fileEncoding = 4; lastKnownFileType = sourcecode.c.objc; path = VOSearchFavorite.m; sourceTree = "<group>"; };
		E59E018114793AEA00C97E7F /* Facebook.h */ = {isa = PBXFileReference; fileEncoding = 4; lastKnownFileType = sourcecode.c.h; path = Facebook.h; sourceTree = "<group>"; };
		E59E018214793AEA00C97E7F /* Facebook.m */ = {isa = PBXFileReference; fileEncoding = 4; lastKnownFileType = sourcecode.c.objc; path = Facebook.m; sourceTree = "<group>"; };
		E59E018314793AEA00C97E7F /* FBConnect.h */ = {isa = PBXFileReference; fileEncoding = 4; lastKnownFileType = sourcecode.c.h; path = FBConnect.h; sourceTree = "<group>"; };
		E59E018414793AEA00C97E7F /* FBDialog.bundle */ = {isa = PBXFileReference; lastKnownFileType = "wrapper.plug-in"; path = FBDialog.bundle; sourceTree = "<group>"; };
		E59E018514793AEA00C97E7F /* FBDialog.h */ = {isa = PBXFileReference; fileEncoding = 4; lastKnownFileType = sourcecode.c.h; path = FBDialog.h; sourceTree = "<group>"; };
		E59E018614793AEA00C97E7F /* FBDialog.m */ = {isa = PBXFileReference; fileEncoding = 4; lastKnownFileType = sourcecode.c.objc; path = FBDialog.m; sourceTree = "<group>"; };
		E59E018714793AEA00C97E7F /* FBLoginDialog.h */ = {isa = PBXFileReference; fileEncoding = 4; lastKnownFileType = sourcecode.c.h; path = FBLoginDialog.h; sourceTree = "<group>"; };
		E59E018814793AEA00C97E7F /* FBLoginDialog.m */ = {isa = PBXFileReference; fileEncoding = 4; lastKnownFileType = sourcecode.c.objc; path = FBLoginDialog.m; sourceTree = "<group>"; };
		E59E018914793AEA00C97E7F /* FBRequest.h */ = {isa = PBXFileReference; fileEncoding = 4; lastKnownFileType = sourcecode.c.h; path = FBRequest.h; sourceTree = "<group>"; };
		E59E018A14793AEA00C97E7F /* FBRequest.m */ = {isa = PBXFileReference; fileEncoding = 4; lastKnownFileType = sourcecode.c.objc; path = FBRequest.m; sourceTree = "<group>"; };
		E59E018C14793AEA00C97E7F /* JSON.h */ = {isa = PBXFileReference; fileEncoding = 4; lastKnownFileType = sourcecode.c.h; path = JSON.h; sourceTree = "<group>"; };
		E59E018D14793AEA00C97E7F /* NSObject+SBJSON.h */ = {isa = PBXFileReference; fileEncoding = 4; lastKnownFileType = sourcecode.c.h; path = "NSObject+SBJSON.h"; sourceTree = "<group>"; };
		E59E018E14793AEA00C97E7F /* NSObject+SBJSON.m */ = {isa = PBXFileReference; fileEncoding = 4; lastKnownFileType = sourcecode.c.objc; path = "NSObject+SBJSON.m"; sourceTree = "<group>"; };
		E59E018F14793AEA00C97E7F /* NSString+SBJSON.h */ = {isa = PBXFileReference; fileEncoding = 4; lastKnownFileType = sourcecode.c.h; path = "NSString+SBJSON.h"; sourceTree = "<group>"; };
		E59E019014793AEA00C97E7F /* NSString+SBJSON.m */ = {isa = PBXFileReference; fileEncoding = 4; lastKnownFileType = sourcecode.c.objc; path = "NSString+SBJSON.m"; sourceTree = "<group>"; };
		E59E019114793AEA00C97E7F /* SBJSON.h */ = {isa = PBXFileReference; fileEncoding = 4; lastKnownFileType = sourcecode.c.h; path = SBJSON.h; sourceTree = "<group>"; };
		E59E019214793AEA00C97E7F /* SBJSON.m */ = {isa = PBXFileReference; fileEncoding = 4; lastKnownFileType = sourcecode.c.objc; path = SBJSON.m; sourceTree = "<group>"; };
		E59E019314793AEA00C97E7F /* SBJsonBase.h */ = {isa = PBXFileReference; fileEncoding = 4; lastKnownFileType = sourcecode.c.h; path = SBJsonBase.h; sourceTree = "<group>"; };
		E59E019414793AEA00C97E7F /* SBJsonBase.m */ = {isa = PBXFileReference; fileEncoding = 4; lastKnownFileType = sourcecode.c.objc; path = SBJsonBase.m; sourceTree = "<group>"; };
		E59E019514793AEA00C97E7F /* SBJsonParser.h */ = {isa = PBXFileReference; fileEncoding = 4; lastKnownFileType = sourcecode.c.h; path = SBJsonParser.h; sourceTree = "<group>"; };
		E59E019614793AEA00C97E7F /* SBJsonParser.m */ = {isa = PBXFileReference; fileEncoding = 4; lastKnownFileType = sourcecode.c.objc; path = SBJsonParser.m; sourceTree = "<group>"; };
		E59E019714793AEA00C97E7F /* SBJsonWriter.h */ = {isa = PBXFileReference; fileEncoding = 4; lastKnownFileType = sourcecode.c.h; path = SBJsonWriter.h; sourceTree = "<group>"; };
		E59E019814793AEA00C97E7F /* SBJsonWriter.m */ = {isa = PBXFileReference; fileEncoding = 4; lastKnownFileType = sourcecode.c.objc; path = SBJsonWriter.m; sourceTree = "<group>"; };
		E5A84DF01470486100CFD300 /* libsqlite3.dylib */ = {isa = PBXFileReference; lastKnownFileType = "compiled.mach-o.dylib"; name = libsqlite3.dylib; path = usr/lib/libsqlite3.dylib; sourceTree = SDKROOT; };
		E5D4DEBA14465B94002DB8FD /* Images Sharer.app */ = {isa = PBXFileReference; explicitFileType = wrapper.application; includeInIndex = 0; path = "Images Sharer.app"; sourceTree = BUILT_PRODUCTS_DIR; };
		E5D4DEBE14465B94002DB8FD /* UIKit.framework */ = {isa = PBXFileReference; lastKnownFileType = wrapper.framework; name = UIKit.framework; path = System/Library/Frameworks/UIKit.framework; sourceTree = SDKROOT; };
		E5D4DEC014465B94002DB8FD /* Foundation.framework */ = {isa = PBXFileReference; lastKnownFileType = wrapper.framework; name = Foundation.framework; path = System/Library/Frameworks/Foundation.framework; sourceTree = SDKROOT; };
		E5D4DEC614465B94002DB8FD /* Test-Info.plist */ = {isa = PBXFileReference; lastKnownFileType = text.plist.xml; path = "Test-Info.plist"; sourceTree = "<group>"; };
		E5D4DEC814465B94002DB8FD /* en */ = {isa = PBXFileReference; lastKnownFileType = text.plist.strings; name = en; path = en.lproj/InfoPlist.strings; sourceTree = "<group>"; };
		E5D4DECA14465B94002DB8FD /* main.m */ = {isa = PBXFileReference; lastKnownFileType = sourcecode.c.objc; path = main.m; sourceTree = "<group>"; };
		E5D4DECC14465B94002DB8FD /* Test-Prefix.pch */ = {isa = PBXFileReference; lastKnownFileType = sourcecode.c.h; path = "Test-Prefix.pch"; sourceTree = "<group>"; };
		E5D4DECD14465B94002DB8FD /* AppDelegate.h */ = {isa = PBXFileReference; lastKnownFileType = sourcecode.c.h; path = AppDelegate.h; sourceTree = "<group>"; };
		E5D4DECE14465B94002DB8FD /* AppDelegate.m */ = {isa = PBXFileReference; lastKnownFileType = sourcecode.c.objc; path = AppDelegate.m; sourceTree = "<group>"; };
		E5D4DED514465B94002DB8FD /* TestTests.octest */ = {isa = PBXFileReference; explicitFileType = wrapper.cfbundle; includeInIndex = 0; path = TestTests.octest; sourceTree = BUILT_PRODUCTS_DIR; };
		E5D4DED614465B94002DB8FD /* SenTestingKit.framework */ = {isa = PBXFileReference; lastKnownFileType = wrapper.framework; name = SenTestingKit.framework; path = Library/Frameworks/SenTestingKit.framework; sourceTree = DEVELOPER_DIR; };
		E5D4DEDE14465B94002DB8FD /* TestTests-Info.plist */ = {isa = PBXFileReference; lastKnownFileType = text.plist.xml; path = "TestTests-Info.plist"; sourceTree = "<group>"; };
		E5D4DEE014465B94002DB8FD /* en */ = {isa = PBXFileReference; lastKnownFileType = text.plist.strings; name = en; path = en.lproj/InfoPlist.strings; sourceTree = "<group>"; };
		E5D4DEE214465B94002DB8FD /* TestTests.h */ = {isa = PBXFileReference; lastKnownFileType = sourcecode.c.h; path = TestTests.h; sourceTree = "<group>"; };
		E5D4DEE314465B94002DB8FD /* TestTests.m */ = {isa = PBXFileReference; lastKnownFileType = sourcecode.c.objc; path = TestTests.m; sourceTree = "<group>"; };
		E5D4DEF41446664D002DB8FD /* FirstTabViewController.h */ = {isa = PBXFileReference; fileEncoding = 4; lastKnownFileType = sourcecode.c.h; path = FirstTabViewController.h; sourceTree = "<group>"; };
		E5D4DEF51446664D002DB8FD /* FirstTabViewController.m */ = {isa = PBXFileReference; fileEncoding = 4; lastKnownFileType = sourcecode.c.objc; path = FirstTabViewController.m; sourceTree = "<group>"; };
		E5D4DEF61446664D002DB8FD /* FirstTabViewController.xib */ = {isa = PBXFileReference; fileEncoding = 4; lastKnownFileType = file.xib; path = FirstTabViewController.xib; sourceTree = "<group>"; };
		E5D4DEF914466768002DB8FD /* SecondTabViewController.h */ = {isa = PBXFileReference; fileEncoding = 4; lastKnownFileType = sourcecode.c.h; path = SecondTabViewController.h; sourceTree = "<group>"; };
		E5D4DEFA14466768002DB8FD /* SecondTabViewController.m */ = {isa = PBXFileReference; fileEncoding = 4; lastKnownFileType = sourcecode.c.objc; path = SecondTabViewController.m; sourceTree = "<group>"; };
		E5D4DEFB14466768002DB8FD /* SecondTabViewController.xib */ = {isa = PBXFileReference; fileEncoding = 4; lastKnownFileType = file.xib; path = SecondTabViewController.xib; sourceTree = "<group>"; };
		E5D4DEFE14466783002DB8FD /* ThirdTabViewController.h */ = {isa = PBXFileReference; fileEncoding = 4; lastKnownFileType = sourcecode.c.h; path = ThirdTabViewController.h; sourceTree = "<group>"; };
		E5D4DEFF14466783002DB8FD /* ThirdTabViewController.m */ = {isa = PBXFileReference; fileEncoding = 4; lastKnownFileType = sourcecode.c.objc; path = ThirdTabViewController.m; sourceTree = "<group>"; };
		E5D4DF0014466783002DB8FD /* ThirdTabViewController.xib */ = {isa = PBXFileReference; fileEncoding = 4; lastKnownFileType = file.xib; path = ThirdTabViewController.xib; sourceTree = "<group>"; };
		E5F8E58414703870000BD4BD /* DatabaseAPI.h */ = {isa = PBXFileReference; fileEncoding = 4; lastKnownFileType = sourcecode.c.h; path = DatabaseAPI.h; sourceTree = "<group>"; };
		E5F8E58514703870000BD4BD /* DatabaseAPI.m */ = {isa = PBXFileReference; fileEncoding = 4; lastKnownFileType = sourcecode.c.objc; path = DatabaseAPI.m; sourceTree = "<group>"; };
/* End PBXFileReference section */

/* Begin PBXFrameworksBuildPhase section */
		E5D4DEB714465B94002DB8FD /* Frameworks */ = {
			isa = PBXFrameworksBuildPhase;
			buildActionMask = 2147483647;
			files = (
				739414A0147537DD0023C9C4 /* MessageUI.framework in Frameworks */,
				7394149E147537D60023C9C4 /* Security.framework in Frameworks */,
				7394149C147537CB0023C9C4 /* SystemConfiguration.framework in Frameworks */,
				73DB1904147422EE00AF803D /* CoreGraphics.framework in Frameworks */,
				E5A84DF11470486100CFD300 /* libsqlite3.dylib in Frameworks */,
				733B741A146C428400D32174 /* Twitter.framework in Frameworks */,
				E56D951D145DEB3B00A5B1B4 /* iAd.framework in Frameworks */,
				E5D4DEBF14465B94002DB8FD /* UIKit.framework in Frameworks */,
				E5D4DEC114465B94002DB8FD /* Foundation.framework in Frameworks */,
			);
			runOnlyForDeploymentPostprocessing = 0;
		};
		E5D4DED114465B94002DB8FD /* Frameworks */ = {
			isa = PBXFrameworksBuildPhase;
			buildActionMask = 2147483647;
			files = (
				E5D4DED714465B94002DB8FD /* SenTestingKit.framework in Frameworks */,
				E5D4DED814465B94002DB8FD /* UIKit.framework in Frameworks */,
				E5D4DED914465B94002DB8FD /* Foundation.framework in Frameworks */,
			);
			runOnlyForDeploymentPostprocessing = 0;
		};
/* End PBXFrameworksBuildPhase section */

/* Begin PBXGroup section */
		732251301475D0FE009DC406 /* VOs */ = {
			isa = PBXGroup;
			children = (
				7322512D1475D0AF009DC406 /* VOSearch.h */,
				7322512E1475D0AF009DC406 /* VOSearch.m */,
				E59E0174147860EA00C97E7F /* VOSearchFavorite.h */,
				E59E0175147860EA00C97E7F /* VOSearchFavorite.m */,
			);
			name = VOs;
			sourceTree = "<group>";
		};
		732251311475D116009DC406 /* TableViewSubClass */ = {
			isa = PBXGroup;
			children = (
				7322512A1475D050009DC406 /* MyUITableViewCell.h */,
				7322512B1475D050009DC406 /* MyUITableViewCell.m */,
			);
			name = TableViewSubClass;
			sourceTree = "<group>";
		};
		7394220C147D2E390011C7F1 /* ThirdTabViewController */ = {
			isa = PBXGroup;
			children = (
				E5D4DF0014466783002DB8FD /* ThirdTabViewController.xib */,
				E5D4DEFE14466783002DB8FD /* ThirdTabViewController.h */,
				E5D4DEFF14466783002DB8FD /* ThirdTabViewController.m */,
			);
			name = ThirdTabViewController;
			sourceTree = "<group>";
		};
		7394220E147D2E570011C7F1 /* SecondTabViewController */ = {
			isa = PBXGroup;
			children = (
				E5D4DEFB14466768002DB8FD /* SecondTabViewController.xib */,
				E5D4DEF914466768002DB8FD /* SecondTabViewController.h */,
				E5D4DEFA14466768002DB8FD /* SecondTabViewController.m */,
			);
			name = SecondTabViewController;
			sourceTree = "<group>";
		};
		7394220F147D2E6B0011C7F1 /* FirstTabViewController */ = {
			isa = PBXGroup;
			children = (
				E5D4DEF61446664D002DB8FD /* FirstTabViewController.xib */,
				E5D4DEF41446664D002DB8FD /* FirstTabViewController.h */,
				E5D4DEF51446664D002DB8FD /* FirstTabViewController.m */,
			);
			name = FirstTabViewController;
			sourceTree = "<group>";
		};
		7399EAF8146AABCB00B7935C /* Resources */ = {
			isa = PBXGroup;
			children = (
				7399EB01146AAF2B00B7935C /* Standard */,
				7399EAFA146AABDC00B7935C /* HD */,
			);
			name = Resources;
			sourceTree = "<group>";
		};
		7399EAFA146AABDC00B7935C /* HD */ = {
			isa = PBXGroup;
			children = (
				734E4E7614756131003C812A /* Icon@2x.png */,
				73888BD014756009006B0509 /* Default@2x.png */,
			);
			name = HD;
			sourceTree = "<group>";
		};
		7399EB01146AAF2B00B7935C /* Standard */ = {
			isa = PBXGroup;
			children = (
				73D7209B1475640F008EE696 /* tab_icon.png */,
				734E4E7814756133003C812A /* Icon.png */,
				73225128147583A6009DC406 /* tab_icon_3.png */,
				73888BD314756076006B0509 /* Default.png */,
				732251171475797D009DC406 /* tab_icon_2.png */,
			);
			name = Standard;
			sourceTree = "<group>";
		};
		E56D9519145DEB0700A5B1B4 /* Classes */ = {
			isa = PBXGroup;
			children = (
				7394220F147D2E6B0011C7F1 /* FirstTabViewController */,
				7394220E147D2E570011C7F1 /* SecondTabViewController */,
				7394220C147D2E390011C7F1 /* ThirdTabViewController */,
				E59E017F14793A8200C97E7F /* FBConnect */,
				732251311475D116009DC406 /* TableViewSubClass */,
				732251301475D0FE009DC406 /* VOs */,
				E5F8E58414703870000BD4BD /* DatabaseAPI.h */,
				E5F8E58514703870000BD4BD /* DatabaseAPI.m */,
				738F5B4F146853390093B857 /* WSGoogleImagesAPI.h */,
				738F5B50146853390093B857 /* WSGoogleImagesAPI.m */,
				73910E0E146997B400A7E595 /* DoingTheJSON.h */,
				73910E0F146997B500A7E595 /* DoingTheJSON.m */,
			);
			name = Classes;
			sourceTree = "<group>";
		};
		E59E017F14793A8200C97E7F /* FBConnect */ = {
			isa = PBXGroup;
			children = (
				E59E018114793AEA00C97E7F /* Facebook.h */,
				E59E018214793AEA00C97E7F /* Facebook.m */,
				E59E018314793AEA00C97E7F /* FBConnect.h */,
				E59E018414793AEA00C97E7F /* FBDialog.bundle */,
				E59E018514793AEA00C97E7F /* FBDialog.h */,
				E59E018614793AEA00C97E7F /* FBDialog.m */,
				E59E018714793AEA00C97E7F /* FBLoginDialog.h */,
				E59E018814793AEA00C97E7F /* FBLoginDialog.m */,
				E59E018914793AEA00C97E7F /* FBRequest.h */,
				E59E018A14793AEA00C97E7F /* FBRequest.m */,
				E59E018B14793AEA00C97E7F /* JSON */,
			);
			name = FBConnect;
			sourceTree = "<group>";
		};
		E59E018B14793AEA00C97E7F /* JSON */ = {
			isa = PBXGroup;
			children = (
				E59E018C14793AEA00C97E7F /* JSON.h */,
				E59E018D14793AEA00C97E7F /* NSObject+SBJSON.h */,
				E59E018E14793AEA00C97E7F /* NSObject+SBJSON.m */,
				E59E018F14793AEA00C97E7F /* NSString+SBJSON.h */,
				E59E019014793AEA00C97E7F /* NSString+SBJSON.m */,
				E59E019114793AEA00C97E7F /* SBJSON.h */,
				E59E019214793AEA00C97E7F /* SBJSON.m */,
				E59E019314793AEA00C97E7F /* SBJsonBase.h */,
				E59E019414793AEA00C97E7F /* SBJsonBase.m */,
				E59E019514793AEA00C97E7F /* SBJsonParser.h */,
				E59E019614793AEA00C97E7F /* SBJsonParser.m */,
				E59E019714793AEA00C97E7F /* SBJsonWriter.h */,
				E59E019814793AEA00C97E7F /* SBJsonWriter.m */,
			);
			path = JSON;
			sourceTree = "<group>";
		};
		E5D4DEAF14465B94002DB8FD = {
			isa = PBXGroup;
			children = (
				7399EAF8146AABCB00B7935C /* Resources */,
				E56D9519145DEB0700A5B1B4 /* Classes */,
				E5D4DEC414465B94002DB8FD /* Test */,
				E5D4DEDC14465B94002DB8FD /* TestTests */,
				E5D4DEBD14465B94002DB8FD /* Frameworks */,
				E5D4DEBB14465B94002DB8FD /* Products */,
			);
			sourceTree = "<group>";
		};
		E5D4DEBB14465B94002DB8FD /* Products */ = {
			isa = PBXGroup;
			children = (
				E5D4DEBA14465B94002DB8FD /* Images Sharer.app */,
				E5D4DED514465B94002DB8FD /* TestTests.octest */,
			);
			name = Products;
			sourceTree = "<group>";
		};
		E5D4DEBD14465B94002DB8FD /* Frameworks */ = {
			isa = PBXGroup;
			children = (
				E5A84DF01470486100CFD300 /* libsqlite3.dylib */,
				7394149F147537DD0023C9C4 /* MessageUI.framework */,
				7394149D147537D60023C9C4 /* Security.framework */,
				7394149B147537CB0023C9C4 /* SystemConfiguration.framework */,
				73DB1903147422EE00AF803D /* CoreGraphics.framework */,
				733B7419146C428400D32174 /* Twitter.framework */,
				E56D951C145DEB3A00A5B1B4 /* iAd.framework */,
				E5D4DEBE14465B94002DB8FD /* UIKit.framework */,
				E5D4DEC014465B94002DB8FD /* Foundation.framework */,
				E5D4DED614465B94002DB8FD /* SenTestingKit.framework */,
			);
			name = Frameworks;
			sourceTree = "<group>";
		};
		E5D4DEC414465B94002DB8FD /* Test */ = {
			isa = PBXGroup;
			children = (
				E5D4DECD14465B94002DB8FD /* AppDelegate.h */,
				E5D4DECE14465B94002DB8FD /* AppDelegate.m */,
				73794426147AA50D0005BB63 /* MainWindow.xib */,
				E5D4DEC514465B94002DB8FD /* Supporting Files */,
			);
			path = Test;
			sourceTree = "<group>";
		};
		E5D4DEC514465B94002DB8FD /* Supporting Files */ = {
			isa = PBXGroup;
			children = (
				E5D4DEC614465B94002DB8FD /* Test-Info.plist */,
				E5D4DEC714465B94002DB8FD /* InfoPlist.strings */,
				E5D4DECA14465B94002DB8FD /* main.m */,
				E5D4DECC14465B94002DB8FD /* Test-Prefix.pch */,
			);
			name = "Supporting Files";
			sourceTree = "<group>";
		};
		E5D4DEDC14465B94002DB8FD /* TestTests */ = {
			isa = PBXGroup;
			children = (
				E5D4DEE214465B94002DB8FD /* TestTests.h */,
				E5D4DEE314465B94002DB8FD /* TestTests.m */,
				E5D4DEDD14465B94002DB8FD /* Supporting Files */,
			);
			path = TestTests;
			sourceTree = "<group>";
		};
		E5D4DEDD14465B94002DB8FD /* Supporting Files */ = {
			isa = PBXGroup;
			children = (
				E5D4DEDE14465B94002DB8FD /* TestTests-Info.plist */,
				E5D4DEDF14465B94002DB8FD /* InfoPlist.strings */,
			);
			name = "Supporting Files";
			sourceTree = "<group>";
		};
/* End PBXGroup section */

/* Begin PBXNativeTarget section */
		E5D4DEB914465B94002DB8FD /* Test */ = {
			isa = PBXNativeTarget;
			buildConfigurationList = E5D4DEE714465B94002DB8FD /* Build configuration list for PBXNativeTarget "Test" */;
			buildPhases = (
				E5D4DEB614465B94002DB8FD /* Sources */,
				E5D4DEB714465B94002DB8FD /* Frameworks */,
				E5D4DEB814465B94002DB8FD /* Resources */,
			);
			buildRules = (
			);
			dependencies = (
			);
			name = Test;
			productName = Test;
			productReference = E5D4DEBA14465B94002DB8FD /* Images Sharer.app */;
			productType = "com.apple.product-type.application";
		};
		E5D4DED414465B94002DB8FD /* TestTests */ = {
			isa = PBXNativeTarget;
			buildConfigurationList = E5D4DEEA14465B94002DB8FD /* Build configuration list for PBXNativeTarget "TestTests" */;
			buildPhases = (
				E5D4DED014465B94002DB8FD /* Sources */,
				E5D4DED114465B94002DB8FD /* Frameworks */,
				E5D4DED214465B94002DB8FD /* Resources */,
				E5D4DED314465B94002DB8FD /* ShellScript */,
			);
			buildRules = (
			);
			dependencies = (
				E5D4DEDB14465B94002DB8FD /* PBXTargetDependency */,
			);
			name = TestTests;
			productName = TestTests;
			productReference = E5D4DED514465B94002DB8FD /* TestTests.octest */;
			productType = "com.apple.product-type.bundle";
		};
/* End PBXNativeTarget section */

/* Begin PBXProject section */
		E5D4DEB114465B94002DB8FD /* Project object */ = {
			isa = PBXProject;
			attributes = {
				LastUpgradeCheck = 0420;
			};
			buildConfigurationList = E5D4DEB414465B94002DB8FD /* Build configuration list for PBXProject "Images Sharer" */;
			compatibilityVersion = "Xcode 3.2";
			developmentRegion = English;
			hasScannedForEncodings = 0;
			knownRegions = (
				en,
				de,
			);
			mainGroup = E5D4DEAF14465B94002DB8FD;
			productRefGroup = E5D4DEBB14465B94002DB8FD /* Products */;
			projectDirPath = "";
			projectRoot = "";
			targets = (
				E5D4DEB914465B94002DB8FD /* Test */,
				E5D4DED414465B94002DB8FD /* TestTests */,
			);
		};
/* End PBXProject section */

/* Begin PBXResourcesBuildPhase section */
		E5D4DEB814465B94002DB8FD /* Resources */ = {
			isa = PBXResourcesBuildPhase;
			buildActionMask = 2147483647;
			files = (
				E5D4DEC914465B94002DB8FD /* InfoPlist.strings in Resources */,
				E5D4DEF81446664D002DB8FD /* FirstTabViewController.xib in Resources */,
				E5D4DEFD14466768002DB8FD /* SecondTabViewController.xib in Resources */,
				E5D4DF0214466784002DB8FD /* ThirdTabViewController.xib in Resources */,
				73888BD114756009006B0509 /* Default@2x.png in Resources */,
				73888BD414756076006B0509 /* Default.png in Resources */,
				734E4E7714756131003C812A /* Icon@2x.png in Resources */,
				734E4E7914756133003C812A /* Icon.png in Resources */,
				73D7209C1475640F008EE696 /* tab_icon.png in Resources */,
				732251181475797D009DC406 /* tab_icon_2.png in Resources */,
				73225129147583A6009DC406 /* tab_icon_3.png in Resources */,
				E59E019A14793AEA00C97E7F /* FBDialog.bundle in Resources */,
				73794427147AA50D0005BB63 /* MainWindow.xib in Resources */,
			);
			runOnlyForDeploymentPostprocessing = 0;
		};
		E5D4DED214465B94002DB8FD /* Resources */ = {
			isa = PBXResourcesBuildPhase;
			buildActionMask = 2147483647;
			files = (
				E5D4DEE114465B94002DB8FD /* InfoPlist.strings in Resources */,
			);
			runOnlyForDeploymentPostprocessing = 0;
		};
/* End PBXResourcesBuildPhase section */

/* Begin PBXShellScriptBuildPhase section */
		E5D4DED314465B94002DB8FD /* ShellScript */ = {
			isa = PBXShellScriptBuildPhase;
			buildActionMask = 2147483647;
			files = (
			);
			inputPaths = (
			);
			outputPaths = (
			);
			runOnlyForDeploymentPostprocessing = 0;
			shellPath = /bin/sh;
			shellScript = "# Run the unit tests in this test bundle.\n\"${SYSTEM_DEVELOPER_DIR}/Tools/RunUnitTests\"\n";
		};
/* End PBXShellScriptBuildPhase section */

/* Begin PBXSourcesBuildPhase section */
		E5D4DEB614465B94002DB8FD /* Sources */ = {
			isa = PBXSourcesBuildPhase;
			buildActionMask = 2147483647;
			files = (
				E5D4DECB14465B94002DB8FD /* main.m in Sources */,
				E5D4DECF14465B94002DB8FD /* AppDelegate.m in Sources */,
				E5D4DEF71446664D002DB8FD /* FirstTabViewController.m in Sources */,
				E5D4DEFC14466768002DB8FD /* SecondTabViewController.m in Sources */,
				E5D4DF0114466784002DB8FD /* ThirdTabViewController.m in Sources */,
				738F5B51146853390093B857 /* WSGoogleImagesAPI.m in Sources */,
				73910E10146997B500A7E595 /* DoingTheJSON.m in Sources */,
				E5F8E58614703870000BD4BD /* DatabaseAPI.m in Sources */,
				7322512C1475D050009DC406 /* MyUITableViewCell.m in Sources */,
				7322512F1475D0AF009DC406 /* VOSearch.m in Sources */,
				E59E0176147860EA00C97E7F /* VOSearchFavorite.m in Sources */,
				E59E019914793AEA00C97E7F /* Facebook.m in Sources */,
				E59E019B14793AEA00C97E7F /* FBDialog.m in Sources */,
				E59E019C14793AEA00C97E7F /* FBLoginDialog.m in Sources */,
				E59E019D14793AEA00C97E7F /* FBRequest.m in Sources */,
				E59E019E14793AEA00C97E7F /* NSObject+SBJSON.m in Sources */,
				E59E019F14793AEA00C97E7F /* NSString+SBJSON.m in Sources */,
				E59E01A014793AEA00C97E7F /* SBJSON.m in Sources */,
				E59E01A114793AEA00C97E7F /* SBJsonBase.m in Sources */,
				E59E01A214793AEA00C97E7F /* SBJsonParser.m in Sources */,
				E59E01A314793AEA00C97E7F /* SBJsonWriter.m in Sources */,
			);
			runOnlyForDeploymentPostprocessing = 0;
		};
		E5D4DED014465B94002DB8FD /* Sources */ = {
			isa = PBXSourcesBuildPhase;
			buildActionMask = 2147483647;
			files = (
				E5D4DEE414465B94002DB8FD /* TestTests.m in Sources */,
			);
			runOnlyForDeploymentPostprocessing = 0;
		};
/* End PBXSourcesBuildPhase section */

/* Begin PBXTargetDependency section */
		E5D4DEDB14465B94002DB8FD /* PBXTargetDependency */ = {
			isa = PBXTargetDependency;
			target = E5D4DEB914465B94002DB8FD /* Test */;
			targetProxy = E5D4DEDA14465B94002DB8FD /* PBXContainerItemProxy */;
		};
/* End PBXTargetDependency section */

/* Begin PBXVariantGroup section */
		E5D4DEC714465B94002DB8FD /* InfoPlist.strings */ = {
			isa = PBXVariantGroup;
			children = (
				E5D4DEC814465B94002DB8FD /* en */,
			);
			name = InfoPlist.strings;
			sourceTree = "<group>";
		};
		E5D4DEDF14465B94002DB8FD /* InfoPlist.strings */ = {
			isa = PBXVariantGroup;
			children = (
				E5D4DEE014465B94002DB8FD /* en */,
			);
			name = InfoPlist.strings;
			sourceTree = "<group>";
		};
/* End PBXVariantGroup section */

/* Begin XCBuildConfiguration section */
		E5D4DEE514465B94002DB8FD /* Debug */ = {
			isa = XCBuildConfiguration;
			buildSettings = {
				ALWAYS_SEARCH_USER_PATHS = NO;
				ARCHS = "$(ARCHS_STANDARD_32_BIT)";
				CLANG_ENABLE_OBJC_ARC = YES;
				CODE_SIGN_IDENTITY = "iPhone Developer";
				"CODE_SIGN_IDENTITY[sdk=iphoneos5.0]" = "iPhone Developer";
				COPY_PHASE_STRIP = NO;
				GCC_C_LANGUAGE_STANDARD = gnu99;
				GCC_DYNAMIC_NO_PIC = NO;
				GCC_OPTIMIZATION_LEVEL = 0;
				GCC_PREPROCESSOR_DEFINITIONS = (
					"DEBUG=1",
					"$(inherited)",
				);
				GCC_SYMBOLS_PRIVATE_EXTERN = NO;
				GCC_VERSION = com.apple.compilers.llvm.clang.1_0;
				GCC_WARN_ABOUT_MISSING_PROTOTYPES = YES;
				GCC_WARN_ABOUT_RETURN_TYPE = YES;
				GCC_WARN_UNUSED_VARIABLE = YES;
				IPHONEOS_DEPLOYMENT_TARGET = 5.0;
				PROVISIONING_PROFILE = "";
				"PROVISIONING_PROFILE[sdk=iphoneos5.0]" = "";
				SDKROOT = iphoneos;
			};
			name = Debug;
		};
		E5D4DEE614465B94002DB8FD /* Release */ = {
			isa = XCBuildConfiguration;
			buildSettings = {
				ALWAYS_SEARCH_USER_PATHS = NO;
				ARCHS = "$(ARCHS_STANDARD_32_BIT)";
				CLANG_ENABLE_OBJC_ARC = YES;
				CODE_SIGN_IDENTITY = "iPhone Developer";
				"CODE_SIGN_IDENTITY[sdk=iphoneos5.0]" = "iPhone Developer";
				COPY_PHASE_STRIP = YES;
				GCC_C_LANGUAGE_STANDARD = gnu99;
				GCC_VERSION = com.apple.compilers.llvm.clang.1_0;
				GCC_WARN_ABOUT_MISSING_PROTOTYPES = YES;
				GCC_WARN_ABOUT_RETURN_TYPE = YES;
				GCC_WARN_UNUSED_VARIABLE = YES;
				IPHONEOS_DEPLOYMENT_TARGET = 5.0;
				OTHER_CFLAGS = "-DNS_BLOCK_ASSERTIONS=1";
				PROVISIONING_PROFILE = "";
				"PROVISIONING_PROFILE[sdk=iphoneos5.0]" = "";
				SDKROOT = iphoneos;
				VALIDATE_PRODUCT = YES;
			};
			name = Release;
		};
		E5D4DEE814465B94002DB8FD /* Debug */ = {
			isa = XCBuildConfiguration;
			buildSettings = {
				GCC_PRECOMPILE_PREFIX_HEADER = YES;
				GCC_PREFIX_HEADER = "Test/Test-Prefix.pch";
				INFOPLIST_FILE = "Test/Test-Info.plist";
				IPHONEOS_DEPLOYMENT_TARGET = 5.0;
				PRODUCT_NAME = "Images Sharer";
				WRAPPER_EXTENSION = app;
			};
			name = Debug;
		};
		E5D4DEE914465B94002DB8FD /* Release */ = {
			isa = XCBuildConfiguration;
			buildSettings = {
				GCC_PRECOMPILE_PREFIX_HEADER = YES;
				GCC_PREFIX_HEADER = "Test/Test-Prefix.pch";
				INFOPLIST_FILE = "Test/Test-Info.plist";
				IPHONEOS_DEPLOYMENT_TARGET = 5.0;
				PRODUCT_NAME = "Images Sharer";
				WRAPPER_EXTENSION = app;
			};
			name = Release;
		};
		E5D4DEEB14465B94002DB8FD /* Debug */ = {
			isa = XCBuildConfiguration;
			buildSettings = {
				BUNDLE_LOADER = "$(BUILT_PRODUCTS_DIR)/Test.app/Test";
				FRAMEWORK_SEARCH_PATHS = (
					"$(SDKROOT)/Developer/Library/Frameworks",
					"$(DEVELOPER_LIBRARY_DIR)/Frameworks",
				);
				GCC_PRECOMPILE_PREFIX_HEADER = YES;
				GCC_PREFIX_HEADER = "Test/Test-Prefix.pch";
				INFOPLIST_FILE = "TestTests/TestTests-Info.plist";
				PRODUCT_NAME = "$(TARGET_NAME)";
				TEST_HOST = "$(BUNDLE_LOADER)";
				WRAPPER_EXTENSION = octest;
			};
			name = Debug;
		};
		E5D4DEEC14465B94002DB8FD /* Release */ = {
			isa = XCBuildConfiguration;
			buildSettings = {
				BUNDLE_LOADER = "$(BUILT_PRODUCTS_DIR)/Test.app/Test";
				FRAMEWORK_SEARCH_PATHS = (
					"$(SDKROOT)/Developer/Library/Frameworks",
					"$(DEVELOPER_LIBRARY_DIR)/Frameworks",
				);
				GCC_PRECOMPILE_PREFIX_HEADER = YES;
				GCC_PREFIX_HEADER = "Test/Test-Prefix.pch";
				INFOPLIST_FILE = "TestTests/TestTests-Info.plist";
				PRODUCT_NAME = "$(TARGET_NAME)";
				TEST_HOST = "$(BUNDLE_LOADER)";
				WRAPPER_EXTENSION = octest;
			};
			name = Release;
		};
/* End XCBuildConfiguration section */

/* Begin XCConfigurationList section */
		E5D4DEB414465B94002DB8FD /* Build configuration list for PBXProject "Images Sharer" */ = {
			isa = XCConfigurationList;
			buildConfigurations = (
				E5D4DEE514465B94002DB8FD /* Debug */,
				E5D4DEE614465B94002DB8FD /* Release */,
			);
			defaultConfigurationIsVisible = 0;
			defaultConfigurationName = Release;
		};
		E5D4DEE714465B94002DB8FD /* Build configuration list for PBXNativeTarget "Test" */ = {
			isa = XCConfigurationList;
			buildConfigurations = (
				E5D4DEE814465B94002DB8FD /* Debug */,
				E5D4DEE914465B94002DB8FD /* Release */,
			);
			defaultConfigurationIsVisible = 0;
			defaultConfigurationName = Release;
		};
		E5D4DEEA14465B94002DB8FD /* Build configuration list for PBXNativeTarget "TestTests" */ = {
			isa = XCConfigurationList;
			buildConfigurations = (
				E5D4DEEB14465B94002DB8FD /* Debug */,
				E5D4DEEC14465B94002DB8FD /* Release */,
			);
			defaultConfigurationIsVisible = 0;
			defaultConfigurationName = Release;
		};
/* End XCConfigurationList section */
	};
	rootObject = E5D4DEB114465B94002DB8FD /* Project object */;
}
