// !$*UTF8*$!
{
	archiveVersion = 1;
	classes = {
	};
	objectVersion = 46;
	objects = {

/* Begin PBXBuildFile section */
		E5D4DEBF14465B94002DB8FD /* UIKit.framework in Frameworks */ = {isa = PBXBuildFile; fileRef = E5D4DEBE14465B94002DB8FD /* UIKit.framework */; };
		E5D4DEC114465B94002DB8FD /* Foundation.framework in Frameworks */ = {isa = PBXBuildFile; fileRef = E5D4DEC014465B94002DB8FD /* Foundation.framework */; };
		E5D4DEC314465B94002DB8FD /* CoreGraphics.framework in Frameworks */ = {isa = PBXBuildFile; fileRef = E5D4DEC214465B94002DB8FD /* CoreGraphics.framework */; };
		E5D4DEC914465B94002DB8FD /* InfoPlist.strings in Resources */ = {isa = PBXBuildFile; fileRef = E5D4DEC714465B94002DB8FD /* InfoPlist.strings */; };
		E5D4DECB14465B94002DB8FD /* main.m in Sources */ = {isa = PBXBuildFile; fileRef = E5D4DECA14465B94002DB8FD /* main.m */; };
		E5D4DECF14465B94002DB8FD /* AppDelegate.m in Sources */ = {isa = PBXBuildFile; fileRef = E5D4DECE14465B94002DB8FD /* AppDelegate.m */; };
		E5D4DED714465B94002DB8FD /* SenTestingKit.framework in Frameworks */ = {isa = PBXBuildFile; fileRef = E5D4DED614465B94002DB8FD /* SenTestingKit.framework */; };
		E5D4DED814465B94002DB8FD /* UIKit.framework in Frameworks */ = {isa = PBXBuildFile; fileRef = E5D4DEBE14465B94002DB8FD /* UIKit.framework */; };
		E5D4DED914465B94002DB8FD /* Foundation.framework in Frameworks */ = {isa = PBXBuildFile; fileRef = E5D4DEC014465B94002DB8FD /* Foundation.framework */; };
		E5D4DEE114465B94002DB8FD /* InfoPlist.strings in Resources */ = {isa = PBXBuildFile; fileRef = E5D4DEDF14465B94002DB8FD /* InfoPlist.strings */; };
		E5D4DEE414465B94002DB8FD /* TestTests.m in Sources */ = {isa = PBXBuildFile; fileRef = E5D4DEE314465B94002DB8FD /* TestTests.m */; };
/* End PBXBuildFile section */

/* Begin PBXContainerItemProxy section */
		E5D4DEDA14465B94002DB8FD /* PBXContainerItemProxy */ = {
			isa = PBXContainerItemProxy;
			containerPortal = E5D4DEB114465B94002DB8FD /* Project object */;
			proxyType = 1;
			remoteGlobalIDString = E5D4DEB914465B94002DB8FD;
			remoteInfo = Test;
		};
/* End PBXContainerItemProxy section */

/* Begin PBXFileReference section */
		E5D4DEBA14465B94002DB8FD /* Test.app */ = {isa = PBXFileReference; explicitFileType = wrapper.application; includeInIndex = 0; path = Test.app; sourceTree = BUILT_PRODUCTS_DIR; };
		E5D4DEBE14465B94002DB8FD /* UIKit.framework */ = {isa = PBXFileReference; lastKnownFileType = wrapper.framework; name = UIKit.framework; path = System/Library/Frameworks/UIKit.framework; sourceTree = SDKROOT; };
		E5D4DEC014465B94002DB8FD /* Foundation.framework */ = {isa = PBXFileReference; lastKnownFileType = wrapper.framework; name = Foundation.framework; path = System/Library/Frameworks/Foundation.framework; sourceTree = SDKROOT; };
		E5D4DEC214465B94002DB8FD /* CoreGraphics.framework */ = {isa = PBXFileReference; lastKnownFileType = wrapper.framework; name = CoreGraphics.framework; path = System/Library/Frameworks/CoreGraphics.framework; sourceTree = SDKROOT; };
		E5D4DEC614465B94002DB8FD /* Test-Info.plist */ = {isa = PBXFileReference; path = "Test-Info.plist"; sourceTree = "<group>"; };
		E5D4DEC814465B94002DB8FD /* en */ = {isa = PBXFileReference; lastKnownFileType = text.plist.strings; name = en; path = en.lproj/InfoPlist.strings; sourceTree = "<group>"; };
		E5D4DECA14465B94002DB8FD /* main.m */ = {isa = PBXFileReference; lastKnownFileType = sourcecode.c.objc; path = main.m; sourceTree = "<group>"; };
		E5D4DECC14465B94002DB8FD /* Test-Prefix.pch */ = {isa = PBXFileReference; path = "Test-Prefix.pch"; sourceTree = "<group>"; };
		E5D4DECD14465B94002DB8FD /* AppDelegate.h */ = {isa = PBXFileReference; path = AppDelegate.h; sourceTree = "<group>"; };
		E5D4DECE14465B94002DB8FD /* AppDelegate.m */ = {isa = PBXFileReference; lastKnownFileType = sourcecode.c.objc; path = AppDelegate.m; sourceTree = "<group>"; };
		E5D4DED514465B94002DB8FD /* TestTests.octest */ = {isa = PBXFileReference; explicitFileType = wrapper.cfbundle; includeInIndex = 0; path = TestTests.octest; sourceTree = BUILT_PRODUCTS_DIR; };
		E5D4DED614465B94002DB8FD /* SenTestingKit.framework */ = {isa = PBXFileReference; lastKnownFileType = wrapper.framework; name = SenTestingKit.framework; path = Library/Frameworks/SenTestingKit.framework; sourceTree = DEVELOPER_DIR; };
		E5D4DEDE14465B94002DB8FD /* TestTests-Info.plist */ = {isa = PBXFileReference; path = "TestTests-Info.plist"; sourceTree = "<group>"; };
		E5D4DEE014465B94002DB8FD /* en */ = {isa = PBXFileReference; lastKnownFileType = text.plist.strings; name = en; path = en.lproj/InfoPlist.strings; sourceTree = "<group>"; };
		E5D4DEE214465B94002DB8FD /* TestTests.h */ = {isa = PBXFileReference; path = TestTests.h; sourceTree = "<group>"; };
		E5D4DEE314465B94002DB8FD /* TestTests.m */ = {isa = PBXFileReference; lastKnownFileType = sourcecode.c.objc; path = TestTests.m; sourceTree = "<group>"; };
/* End PBXFileReference section */

/* Begin PBXFrameworksBuildPhase section */
		E5D4DEB714465B94002DB8FD /* Frameworks */ = {
			isa = PBXFrameworksBuildPhase;
			buildActionMask = 2147483647;
			files = (
				E5D4DEBF14465B94002DB8FD /* UIKit.framework in Frameworks */,
				E5D4DEC114465B94002DB8FD /* Foundation.framework in Frameworks */,
				E5D4DEC314465B94002DB8FD /* CoreGraphics.framework in Frameworks */,
			);
			runOnlyForDeploymentPostprocessing = 0;
		};
		E5D4DED114465B94002DB8FD /* Frameworks */ = {
			isa = PBXFrameworksBuildPhase;
			buildActionMask = 2147483647;
			files = (
				E5D4DED714465B94002DB8FD /* SenTestingKit.framework in Frameworks */,
				E5D4DED814465B94002DB8FD /* UIKit.framework in Frameworks */,
				E5D4DED914465B94002DB8FD /* Foundation.framework in Frameworks */,
			);
			runOnlyForDeploymentPostprocessing = 0;
		};
/* End PBXFrameworksBuildPhase section */

/* Begin PBXGroup section */
		E5D4DEAF14465B94002DB8FD = {
			isa = PBXGroup;
			children = (
				E5D4DEC414465B94002DB8FD /* Test */,
				E5D4DEDC14465B94002DB8FD /* TestTests */,
				E5D4DEBD14465B94002DB8FD /* Frameworks */,
				E5D4DEBB14465B94002DB8FD /* Products */,
			);
			sourceTree = "<group>";
		};
		E5D4DEBB14465B94002DB8FD /* Products */ = {
			isa = PBXGroup;
			children = (
				E5D4DEBA14465B94002DB8FD /* Test.app */,
				E5D4DED514465B94002DB8FD /* TestTests.octest */,
			);
			name = Products;
			sourceTree = "<group>";
		};
		E5D4DEBD14465B94002DB8FD /* Frameworks */ = {
			isa = PBXGroup;
			children = (
				E5D4DEBE14465B94002DB8FD /* UIKit.framework */,
				E5D4DEC014465B94002DB8FD /* Foundation.framework */,
				E5D4DEC214465B94002DB8FD /* CoreGraphics.framework */,
				E5D4DED614465B94002DB8FD /* SenTestingKit.framework */,
			);
			name = Frameworks;
			sourceTree = "<group>";
		};
		E5D4DEC414465B94002DB8FD /* Test */ = {
			isa = PBXGroup;
			children = (
				E5D4DECD14465B94002DB8FD /* AppDelegate.h */,
				E5D4DECE14465B94002DB8FD /* AppDelegate.m */,
				E5D4DEC514465B94002DB8FD /* Supporting Files */,
			);
			path = Test;
			sourceTree = "<group>";
		};
		E5D4DEC514465B94002DB8FD /* Supporting Files */ = {
			isa = PBXGroup;
			children = (
				E5D4DEC614465B94002DB8FD /* Test-Info.plist */,
				E5D4DEC714465B94002DB8FD /* InfoPlist.strings */,
				E5D4DECA14465B94002DB8FD /* main.m */,
				E5D4DECC14465B94002DB8FD /* Test-Prefix.pch */,
			);
			name = "Supporting Files";
			sourceTree = "<group>";
		};
		E5D4DEDC14465B94002DB8FD /* TestTests */ = {
			isa = PBXGroup;
			children = (
				E5D4DEE214465B94002DB8FD /* TestTests.h */,
				E5D4DEE314465B94002DB8FD /* TestTests.m */,
				E5D4DEDD14465B94002DB8FD /* Supporting Files */,
			);
			path = TestTests;
			sourceTree = "<group>";
		};
		E5D4DEDD14465B94002DB8FD /* Supporting Files */ = {
			isa = PBXGroup;
			children = (
				E5D4DEDE14465B94002DB8FD /* TestTests-Info.plist */,
				E5D4DEDF14465B94002DB8FD /* InfoPlist.strings */,
			);
			name = "Supporting Files";
			sourceTree = "<group>";
		};
/* End PBXGroup section */

/* Begin PBXNativeTarget section */
		E5D4DEB914465B94002DB8FD /* Test */ = {
			isa = PBXNativeTarget;
			buildConfigurationList = E5D4DEE714465B94002DB8FD /* Build configuration list for PBXNativeTarget "Test" */;
			buildPhases = (
				E5D4DEB614465B94002DB8FD /* Sources */,
				E5D4DEB714465B94002DB8FD /* Frameworks */,
				E5D4DEB814465B94002DB8FD /* Resources */,
			);
			buildRules = (
			);
			dependencies = (
			);
			name = Test;
			productName = Test;
			productReference = E5D4DEBA14465B94002DB8FD /* Test.app */;
			productType = "com.apple.product-type.application";
		};
		E5D4DED414465B94002DB8FD /* TestTests */ = {
			isa = PBXNativeTarget;
			buildConfigurationList = E5D4DEEA14465B94002DB8FD /* Build configuration list for PBXNativeTarget "TestTests" */;
			buildPhases = (
				E5D4DED014465B94002DB8FD /* Sources */,
				E5D4DED114465B94002DB8FD /* Frameworks */,
				E5D4DED214465B94002DB8FD /* Resources */,
				E5D4DED314465B94002DB8FD /* ShellScript */,
			);
			buildRules = (
			);
			dependencies = (
				E5D4DEDB14465B94002DB8FD /* PBXTargetDependency */,
			);
			name = TestTests;
			productName = TestTests;
			productReference = E5D4DED514465B94002DB8FD /* TestTests.octest */;
			productType = "com.apple.product-type.bundle";
		};
/* End PBXNativeTarget section */

/* Begin PBXProject section */
		E5D4DEB114465B94002DB8FD /* Project object */ = {
			isa = PBXProject;
			attributes = {
				LastUpgradeCheck = 0420;
			};
			buildConfigurationList = E5D4DEB414465B94002DB8FD /* Build configuration list for PBXProject "Test" */;
			compatibilityVersion = "Xcode 3.2";
			developmentRegion = English;
			hasScannedForEncodings = 0;
			knownRegions = (
				en,
			);
			mainGroup = E5D4DEAF14465B94002DB8FD;
			productRefGroup = E5D4DEBB14465B94002DB8FD /* Products */;
			projectDirPath = "";
			projectRoot = "";
			targets = (
				E5D4DEB914465B94002DB8FD /* Test */,
				E5D4DED414465B94002DB8FD /* TestTests */,
			);
		};
/* End PBXProject section */

/* Begin PBXResourcesBuildPhase section */
		E5D4DEB814465B94002DB8FD /* Resources */ = {
			isa = PBXResourcesBuildPhase;
			buildActionMask = 2147483647;
			files = (
				E5D4DEC914465B94002DB8FD /* InfoPlist.strings in Resources */,
			);
			runOnlyForDeploymentPostprocessing = 0;
		};
		E5D4DED214465B94002DB8FD /* Resources */ = {
			isa = PBXResourcesBuildPhase;
			buildActionMask = 2147483647;
			files = (
				E5D4DEE114465B94002DB8FD /* InfoPlist.strings in Resources */,
			);
			runOnlyForDeploymentPostprocessing = 0;
		};
/* End PBXResourcesBuildPhase section */

/* Begin PBXShellScriptBuildPhase section */
		E5D4DED314465B94002DB8FD /* ShellScript */ = {
			isa = PBXShellScriptBuildPhase;
			buildActionMask = 2147483647;
			files = (
			);
			inputPaths = (
			);
			outputPaths = (
			);
			runOnlyForDeploymentPostprocessing = 0;
			shellPath = /bin/sh;
			shellScript = "# Run the unit tests in this test bundle.\n\"${SYSTEM_DEVELOPER_DIR}/Tools/RunUnitTests\"\n";
		};
/* End PBXShellScriptBuildPhase section */

/* Begin PBXSourcesBuildPhase section */
		E5D4DEB614465B94002DB8FD /* Sources */ = {
			isa = PBXSourcesBuildPhase;
			buildActionMask = 2147483647;
			files = (
				E5D4DECB14465B94002DB8FD /* main.m in Sources */,
				E5D4DECF14465B94002DB8FD /* AppDelegate.m in Sources */,
			);
			runOnlyForDeploymentPostprocessing = 0;
		};
		E5D4DED014465B94002DB8FD /* Sources */ = {
			isa = PBXSourcesBuildPhase;
			buildActionMask = 2147483647;
			files = (
				E5D4DEE414465B94002DB8FD /* TestTests.m in Sources */,
			);
			runOnlyForDeploymentPostprocessing = 0;
		};
/* End PBXSourcesBuildPhase section */

/* Begin PBXTargetDependency section */
		E5D4DEDB14465B94002DB8FD /* PBXTargetDependency */ = {
			isa = PBXTargetDependency;
			target = E5D4DEB914465B94002DB8FD /* Test */;
			targetProxy = E5D4DEDA14465B94002DB8FD /* PBXContainerItemProxy */;
		};
/* End PBXTargetDependency section */

/* Begin PBXVariantGroup section */
		E5D4DEC714465B94002DB8FD /* InfoPlist.strings */ = {
			isa = PBXVariantGroup;
			children = (
				E5D4DEC814465B94002DB8FD /* en */,
			);
			name = InfoPlist.strings;
			sourceTree = "<group>";
		};
		E5D4DEDF14465B94002DB8FD /* InfoPlist.strings */ = {
			isa = PBXVariantGroup;
			children = (
				E5D4DEE014465B94002DB8FD /* en */,
			);
			name = InfoPlist.strings;
			sourceTree = "<group>";
		};
/* End PBXVariantGroup section */

/* Begin XCBuildConfiguration section */
		E5D4DEE514465B94002DB8FD /* Debug */ = {
			isa = XCBuildConfiguration;
			buildSettings = {
				ALWAYS_SEARCH_USER_PATHS = NO;
				ARCHS = "$(ARCHS_STANDARD_32_BIT)";
				CLANG_ENABLE_OBJC_ARC = YES;
				"CODE_SIGN_IDENTITY[sdk=iphoneos*]" = "iPhone Developer";
				COPY_PHASE_STRIP = NO;
				GCC_C_LANGUAGE_STANDARD = gnu99;
				GCC_DYNAMIC_NO_PIC = NO;
				GCC_OPTIMIZATION_LEVEL = 0;
				GCC_PREPROCESSOR_DEFINITIONS = (
					"DEBUG=1",
					"$(inherited)",
				);
				GCC_SYMBOLS_PRIVATE_EXTERN = NO;
				GCC_VERSION = com.apple.compilers.llvm.clang.1_0;
				GCC_WARN_ABOUT_MISSING_PROTOTYPES = YES;
				GCC_WARN_ABOUT_RETURN_TYPE = YES;
				GCC_WARN_UNUSED_VARIABLE = YES;
				IPHONEOS_DEPLOYMENT_TARGET = 5.0;
				SDKROOT = iphoneos;
			};
			name = Debug;
		};
		E5D4DEE614465B94002DB8FD /* Release */ = {
			isa = XCBuildConfiguration;
			buildSettings = {
				ALWAYS_SEARCH_USER_PATHS = NO;
				ARCHS = "$(ARCHS_STANDARD_32_BIT)";
				CLANG_ENABLE_OBJC_ARC = YES;
				"CODE_SIGN_IDENTITY[sdk=iphoneos*]" = "iPhone Developer";
				COPY_PHASE_STRIP = YES;
				GCC_C_LANGUAGE_STANDARD = gnu99;
				GCC_VERSION = com.apple.compilers.llvm.clang.1_0;
				GCC_WARN_ABOUT_MISSING_PROTOTYPES = YES;
				GCC_WARN_ABOUT_RETURN_TYPE = YES;
				GCC_WARN_UNUSED_VARIABLE = YES;
				IPHONEOS_DEPLOYMENT_TARGET = 5.0;
				OTHER_CFLAGS = "-DNS_BLOCK_ASSERTIONS=1";
				SDKROOT = iphoneos;
				VALIDATE_PRODUCT = YES;
			};
			name = Release;
		};
		E5D4DEE814465B94002DB8FD /* Debug */ = {
			isa = XCBuildConfiguration;
			buildSettings = {
				GCC_PRECOMPILE_PREFIX_HEADER = YES;
				GCC_PREFIX_HEADER = "Test/Test-Prefix.pch";
				INFOPLIST_FILE = "Test/Test-Info.plist";
				PRODUCT_NAME = "$(TARGET_NAME)";
				WRAPPER_EXTENSION = app;
			};
			name = Debug;
		};
		E5D4DEE914465B94002DB8FD /* Release */ = {
			isa = XCBuildConfiguration;
			buildSettings = {
				GCC_PRECOMPILE_PREFIX_HEADER = YES;
				GCC_PREFIX_HEADER = "Test/Test-Prefix.pch";
				INFOPLIST_FILE = "Test/Test-Info.plist";
				PRODUCT_NAME = "$(TARGET_NAME)";
				WRAPPER_EXTENSION = app;
			};
			name = Release;
		};
		E5D4DEEB14465B94002DB8FD /* Debug */ = {
			isa = XCBuildConfiguration;
			buildSettings = {
				BUNDLE_LOADER = "$(BUILT_PRODUCTS_DIR)/Test.app/Test";
				FRAMEWORK_SEARCH_PATHS = (
					"$(SDKROOT)/Developer/Library/Frameworks",
					"$(DEVELOPER_LIBRARY_DIR)/Frameworks",
				);
				GCC_PRECOMPILE_PREFIX_HEADER = YES;
				GCC_PREFIX_HEADER = "Test/Test-Prefix.pch";
				INFOPLIST_FILE = "TestTests/TestTests-Info.plist";
				PRODUCT_NAME = "$(TARGET_NAME)";
				TEST_HOST = "$(BUNDLE_LOADER)";
				WRAPPER_EXTENSION = octest;
			};
			name = Debug;
		};
		E5D4DEEC14465B94002DB8FD /* Release */ = {
			isa = XCBuildConfiguration;
			buildSettings = {
				BUNDLE_LOADER = "$(BUILT_PRODUCTS_DIR)/Test.app/Test";
				FRAMEWORK_SEARCH_PATHS = (
					"$(SDKROOT)/Developer/Library/Frameworks",
					"$(DEVELOPER_LIBRARY_DIR)/Frameworks",
				);
				GCC_PRECOMPILE_PREFIX_HEADER = YES;
				GCC_PREFIX_HEADER = "Test/Test-Prefix.pch";
				INFOPLIST_FILE = "TestTests/TestTests-Info.plist";
				PRODUCT_NAME = "$(TARGET_NAME)";
				TEST_HOST = "$(BUNDLE_LOADER)";
				WRAPPER_EXTENSION = octest;
			};
			name = Release;
		};
/* End XCBuildConfiguration section */

/* Begin XCConfigurationList section */
		E5D4DEB414465B94002DB8FD /* Build configuration list for PBXProject "Test" */ = {
			isa = XCConfigurationList;
			buildConfigurations = (
				E5D4DEE514465B94002DB8FD /* Debug */,
				E5D4DEE614465B94002DB8FD /* Release */,
			);
			defaultConfigurationIsVisible = 0;
			defaultConfigurationName = Release;
		};
		E5D4DEE714465B94002DB8FD /* Build configuration list for PBXNativeTarget "Test" */ = {
			isa = XCConfigurationList;
			buildConfigurations = (
				E5D4DEE814465B94002DB8FD /* Debug */,
				E5D4DEE914465B94002DB8FD /* Release */,
			);
			defaultConfigurationIsVisible = 0;
		};
		E5D4DEEA14465B94002DB8FD /* Build configuration list for PBXNativeTarget "TestTests" */ = {
			isa = XCConfigurationList;
			buildConfigurations = (
				E5D4DEEB14465B94002DB8FD /* Debug */,
				E5D4DEEC14465B94002DB8FD /* Release */,
			);
			defaultConfigurationIsVisible = 0;
		};
/* End XCConfigurationList section */
	};
	rootObject = E5D4DEB114465B94002DB8FD /* Project object */;
}
